
Microsoft Visual Studio Solution File, Format Version 12.00
# Visual Studio Version 17
VisualStudioVersion = 17.8.36227.8
MinimumVisualStudioVersion = 10.0.40219.1
Project("{FAE04EC0-301F-11D3-BF4B-00C04F79EFBC}") = "InheritanceExercises", "InheritanceExercises.csproj", "{0F6D6374-92EF-49A1-B694-8A12773D789C}"
EndProject
Global
	GlobalSection(SolutionConfigurationPlatforms) = preSolution
		Debug|Any CPU = Debug|Any CPU
		Release|Any CPU = Release|Any CPU
	EndGlobalSection
	GlobalSection(ProjectConfigurationPlatforms) = postSolution
		{0F6D6374-92EF-49A1-B694-8A12773D789C}.Debug|Any CPU.ActiveCfg = Debug|Any CPU
		{0F6D6374-92EF-49A1-B694-8A12773D789C}.Debug|Any CPU.Build.0 = Debug|Any CPU
		{0F6D6374-92EF-49A1-B694-8A12773D789C}.Release|Any CPU.ActiveCfg = Release|Any CPU
		{0F6D6374-92EF-49A1-B694-8A12773D789C}.Release|Any CPU.Build.0 = Release|Any CPU
	EndGlobalSection
	GlobalSection(SolutionProperties) = preSolution
		HideSolutionNode = FALSE
	EndGlobalSection
	GlobalSection(ExtensibilityGlobals) = postSolution
		SolutionGuid = {C849E674-FA64-4D0E-AE5C-752DFFD7CEF3}
	EndGlobalSection
EndGlobal
