
Microsoft Visual Studio Solution File, Format Version 12.00
# Visual Studio Version 17
VisualStudioVersion = 17.8.36227.8
MinimumVisualStudioVersion = 10.0.40219.1
Project("{FAE04EC0-301F-11D3-BF4B-00C04F79EFBC}") = "AccessModifiers", "AccessModifiers.csproj", "{FBF965CD-0A36-452E-B2B2-03F15FE73C7F}"
EndProject
Global
	GlobalSection(SolutionConfigurationPlatforms) = preSolution
		Debug|Any CPU = Debug|Any CPU
		Release|Any CPU = Release|Any CPU
	EndGlobalSection
	GlobalSection(ProjectConfigurationPlatforms) = postSolution
		{FBF965CD-0A36-452E-B2B2-03F15FE73C7F}.Debug|Any CPU.ActiveCfg = Debug|Any CPU
		{FBF965CD-0A36-452E-B2B2-03F15FE73C7F}.Debug|Any CPU.Build.0 = Debug|Any CPU
		{FBF965CD-0A36-452E-B2B2-03F15FE73C7F}.Release|Any CPU.ActiveCfg = Release|Any CPU
		{FBF965CD-0A36-452E-B2B2-03F15FE73C7F}.Release|Any CPU.Build.0 = Release|Any CPU
	EndGlobalSection
	GlobalSection(SolutionProperties) = preSolution
		HideSolutionNode = FALSE
	EndGlobalSection
	GlobalSection(ExtensibilityGlobals) = postSolution
		SolutionGuid = {A0A435DD-8D64-4709-8BEC-E0F718891CF0}
	EndGlobalSection
EndGlobal
