
Microsoft Visual Studio Solution File, Format Version 12.00
# Visual Studio Version 17
VisualStudioVersion = 17.8.36227.8
MinimumVisualStudioVersion = 10.0.40219.1
Project("{FAE04EC0-301F-11D3-BF4B-00C04F79EFBC}") = "PolymorphismExercises", "PolymorphismExercises.csproj", "{76ACAEB8-F8AA-4532-A6D3-E64037F4B90E}"
EndProject
Global
	GlobalSection(SolutionConfigurationPlatforms) = preSolution
		Debug|Any CPU = Debug|Any CPU
		Release|Any CPU = Release|Any CPU
	EndGlobalSection
	GlobalSection(ProjectConfigurationPlatforms) = postSolution
		{76ACAEB8-F8AA-4532-A6D3-E64037F4B90E}.Debug|Any CPU.ActiveCfg = Debug|Any CPU
		{76ACAEB8-F8AA-4532-A6D3-E64037F4B90E}.Debug|Any CPU.Build.0 = Debug|Any CPU
		{76ACAEB8-F8AA-4532-A6D3-E64037F4B90E}.Release|Any CPU.ActiveCfg = Release|Any CPU
		{76ACAEB8-F8AA-4532-A6D3-E64037F4B90E}.Release|Any CPU.Build.0 = Release|Any CPU
	EndGlobalSection
	GlobalSection(SolutionProperties) = preSolution
		HideSolutionNode = FALSE
	EndGlobalSection
	GlobalSection(ExtensibilityGlobals) = postSolution
		SolutionGuid = {BE02EC67-2320-4F50-A72D-846664200BB2}
	EndGlobalSection
EndGlobal
